PODS:
  - Nimble (8.0.4)
  - Quick (2.2.0)

DEPENDENCIES:
  - Nimble
  - Quick

SPEC REPOS:
  trunk:
    - Nimble
    - Quick

SPEC CHECKSUMS:
  Nimble: 18d5360282923225d62b09d781f63abc1a0111fc
  Quick: 7fb19e13be07b5dfb3b90d4f9824c855a11af40e

PODFILE CHECKSUM: 216ac662fdcb24bddd8e301e1254545bc9df4a68

COCOAPODS: 1.9.3
